// !$*UTF8*$!
{
	archiveVersion = 1;
	classes = {
	};
	objectVersion = 56;
	objects = {

/* Begin PBXBuildFile section */
		85ABA5382B2271C400B60D58 /* AmiiboTrackerApp.swift in Sources */ = {isa = PBXBuildFile; fileRef = 85ABA5372B2271C400B60D58 /* AmiiboTrackerApp.swift */; };
		85ABA53A2B2271C400B60D58 /* HomeView.swift in Sources */ = {isa = PBXBuildFile; fileRef = 85ABA5392B2271C400B60D58 /* HomeView.swift */; };
		85ABA53C2B2271C600B60D58 /* Assets.xcassets in Resources */ = {isa = PBXBuildFile; fileRef = 85ABA53B2B2271C600B60D58 /* Assets.xcassets */; };
		85ABA53F2B2271C600B60D58 /* Preview Assets.xcassets in Resources */ = {isa = PBXBuildFile; fileRef = 85ABA53E2B2271C600B60D58 /* Preview Assets.xcassets */; };
		85ABA54C2B22752300B60D58 /* ViewExtension.swift in Sources */ = {isa = PBXBuildFile; fileRef = 85ABA54B2B22752300B60D58 /* ViewExtension.swift */; };
		85ABA54E2B22758D00B60D58 /* CircularProgressView.swift in Sources */ = {isa = PBXBuildFile; fileRef = 85ABA54D2B22758D00B60D58 /* CircularProgressView.swift */; };
		85E7D0DD2B2278BA00448520 /* AmiiboModel.swift in Sources */ = {isa = PBXBuildFile; fileRef = 85E7D0DC2B2278BA00448520 /* AmiiboModel.swift */; };
		85E7D0DF2B227A6800448520 /* HomeViewModel.swift in Sources */ = {isa = PBXBuildFile; fileRef = 85E7D0DE2B227A6800448520 /* HomeViewModel.swift */; };
		85E7D0E12B227A7200448520 /* HomeService.swift in Sources */ = {isa = PBXBuildFile; fileRef = 85E7D0E02B227A7200448520 /* HomeService.swift */; };
/* End PBXBuildFile section */

/* Begin PBXFileReference section */
		85ABA5342B2271C400B60D58 /* AmiiboTracker.app */ = {isa = PBXFileReference; explicitFileType = wrapper.application; includeInIndex = 0; path = AmiiboTracker.app; sourceTree = BUILT_PRODUCTS_DIR; };
		85ABA5372B2271C400B60D58 /* AmiiboTrackerApp.swift */ = {isa = PBXFileReference; lastKnownFileType = sourcecode.swift; path = AmiiboTrackerApp.swift; sourceTree = "<group>"; };
		85ABA5392B2271C400B60D58 /* HomeView.swift */ = {isa = PBXFileReference; lastKnownFileType = sourcecode.swift; path = HomeView.swift; sourceTree = "<group>"; };
		85ABA53B2B2271C600B60D58 /* Assets.xcassets */ = {isa = PBXFileReference; lastKnownFileType = folder.assetcatalog; path = Assets.xcassets; sourceTree = "<group>"; };
		85ABA53E2B2271C600B60D58 /* Preview Assets.xcassets */ = {isa = PBXFileReference; lastKnownFileType = folder.assetcatalog; path = "Preview Assets.xcassets"; sourceTree = "<group>"; };
		85ABA54B2B22752300B60D58 /* ViewExtension.swift */ = {isa = PBXFileReference; lastKnownFileType = sourcecode.swift; path = ViewExtension.swift; sourceTree = "<group>"; };
		85ABA54D2B22758D00B60D58 /* CircularProgressView.swift */ = {isa = PBXFileReference; lastKnownFileType = sourcecode.swift; path = CircularProgressView.swift; sourceTree = "<group>"; };
		85E7D0DC2B2278BA00448520 /* AmiiboModel.swift */ = {isa = PBXFileReference; lastKnownFileType = sourcecode.swift; path = AmiiboModel.swift; sourceTree = "<group>"; };
		85E7D0DE2B227A6800448520 /* HomeViewModel.swift */ = {isa = PBXFileReference; lastKnownFileType = sourcecode.swift; path = HomeViewModel.swift; sourceTree = "<group>"; };
		85E7D0E02B227A7200448520 /* HomeService.swift */ = {isa = PBXFileReference; lastKnownFileType = sourcecode.swift; path = HomeService.swift; sourceTree = "<group>"; };
/* End PBXFileReference section */

/* Begin PBXFrameworksBuildPhase section */
		85ABA5312B2271C400B60D58 /* Frameworks */ = {
			isa = PBXFrameworksBuildPhase;
			buildActionMask = 2147483647;
			files = (
			);
			runOnlyForDeploymentPostprocessing = 0;
		};
/* End PBXFrameworksBuildPhase section */

/* Begin PBXGroup section */
		85ABA52B2B2271C400B60D58 = {
			isa = PBXGroup;
			children = (
				85ABA5362B2271C400B60D58 /* AmiiboTracker */,
				85ABA5352B2271C400B60D58 /* Products */,
			);
			sourceTree = "<group>";
		};
		85ABA5352B2271C400B60D58 /* Products */ = {
			isa = PBXGroup;
			children = (
				85ABA5342B2271C400B60D58 /* AmiiboTracker.app */,
			);
			name = Products;
			sourceTree = "<group>";
		};
		85ABA5362B2271C400B60D58 /* AmiiboTracker */ = {
			isa = PBXGroup;
			children = (
				85ABA5462B22727500B60D58 /* Features */,
				85ABA5452B22726F00B60D58 /* Core */,
				85ABA5372B2271C400B60D58 /* AmiiboTrackerApp.swift */,
				85ABA53B2B2271C600B60D58 /* Assets.xcassets */,
				85ABA53D2B2271C600B60D58 /* Preview Content */,
			);
			path = AmiiboTracker;
			sourceTree = "<group>";
		};
		85ABA53D2B2271C600B60D58 /* Preview Content */ = {
			isa = PBXGroup;
			children = (
				85ABA53E2B2271C600B60D58 /* Preview Assets.xcassets */,
			);
			path = "Preview Content";
			sourceTree = "<group>";
		};
		85ABA5452B22726F00B60D58 /* Core */ = {
			isa = PBXGroup;
			children = (
				85ABA5492B22736D00B60D58 /* Constants */,
				85ABA5482B22735D00B60D58 /* Extensions */,
				85ABA5472B22728000B60D58 /* Components */,
			);
			path = Core;
			sourceTree = "<group>";
		};
		85ABA5462B22727500B60D58 /* Features */ = {
			isa = PBXGroup;
			children = (
				85ABA54A2B22739300B60D58 /* Home */,
			);
			path = Features;
			sourceTree = "<group>";
		};
		85ABA5472B22728000B60D58 /* Components */ = {
			isa = PBXGroup;
			children = (
				85ABA54D2B22758D00B60D58 /* CircularProgressView.swift */,
			);
			path = Components;
			sourceTree = "<group>";
		};
		85ABA5482B22735D00B60D58 /* Extensions */ = {
			isa = PBXGroup;
			children = (
				85ABA54B2B22752300B60D58 /* ViewExtension.swift */,
			);
			path = Extensions;
			sourceTree = "<group>";
		};
		85ABA5492B22736D00B60D58 /* Constants */ = {
			isa = PBXGroup;
			children = (
			);
			path = Constants;
			sourceTree = "<group>";
		};
		85ABA54A2B22739300B60D58 /* Home */ = {
			isa = PBXGroup;
			children = (
				85E7D0DB2B2278A700448520 /* Model */,
				85E7D0DA2B2278A300448520 /* View */,
				85E7D0D92B22789B00448520 /* ViewModel */,
				85E7D0D82B22789500448520 /* Service */,
			);
			path = Home;
			sourceTree = "<group>";
		};
		85E7D0D82B22789500448520 /* Service */ = {
			isa = PBXGroup;
			children = (
				85E7D0E02B227A7200448520 /* HomeService.swift */,
			);
			path = Service;
			sourceTree = "<group>";
		};
		85E7D0D92B22789B00448520 /* ViewModel */ = {
			isa = PBXGroup;
			children = (
				85E7D0DE2B227A6800448520 /* HomeViewModel.swift */,
			);
			path = ViewModel;
			sourceTree = "<group>";
		};
		85E7D0DA2B2278A300448520 /* View */ = {
			isa = PBXGroup;
			children = (
				85ABA5392B2271C400B60D58 /* HomeView.swift */,
			);
			path = View;
			sourceTree = "<group>";
		};
		85E7D0DB2B2278A700448520 /* Model */ = {
			isa = PBXGroup;
			children = (
				85E7D0DC2B2278BA00448520 /* AmiiboModel.swift */,
			);
			path = Model;
			sourceTree = "<group>";
		};
/* End PBXGroup section */

/* Begin PBXNativeTarget section */
		85ABA5332B2271C400B60D58 /* AmiiboTracker */ = {
			isa = PBXNativeTarget;
			buildConfigurationList = 85ABA5422B2271C600B60D58 /* Build configuration list for PBXNativeTarget "AmiiboTracker" */;
			buildPhases = (
				85ABA5302B2271C400B60D58 /* Sources */,
				85ABA5312B2271C400B60D58 /* Frameworks */,
				85ABA5322B2271C400B60D58 /* Resources */,
			);
			buildRules = (
			);
			dependencies = (
			);
			name = AmiiboTracker;
			productName = AmiiboTracker;
			productReference = 85ABA5342B2271C400B60D58 /* AmiiboTracker.app */;
			productType = "com.apple.product-type.application";
		};
/* End PBXNativeTarget section */

/* Begin PBXProject section */
		85ABA52C2B2271C400B60D58 /* Project object */ = {
			isa = PBXProject;
			attributes = {
				BuildIndependentTargetsInParallel = 1;
				LastSwiftUpdateCheck = 1500;
				LastUpgradeCheck = 1500;
				TargetAttributes = {
					85ABA5332B2271C400B60D58 = {
						CreatedOnToolsVersion = 15.0.1;
					};
				};
			};
			buildConfigurationList = 85ABA52F2B2271C400B60D58 /* Build configuration list for PBXProject "AmiiboTracker" */;
			compatibilityVersion = "Xcode 14.0";
			developmentRegion = en;
			hasScannedForEncodings = 0;
			knownRegions = (
				en,
				Base,
			);
			mainGroup = 85ABA52B2B2271C400B60D58;
			productRefGroup = 85ABA5352B2271C400B60D58 /* Products */;
			projectDirPath = "";
			projectRoot = "";
			targets = (
				85ABA5332B2271C400B60D58 /* AmiiboTracker */,
			);
		};
/* End PBXProject section */

/* Begin PBXResourcesBuildPhase section */
		85ABA5322B2271C400B60D58 /* Resources */ = {
			isa = PBXResourcesBuildPhase;
			buildActionMask = 2147483647;
			files = (
				85ABA53F2B2271C600B60D58 /* Preview Assets.xcassets in Resources */,
				85ABA53C2B2271C600B60D58 /* Assets.xcassets in Resources */,
			);
			runOnlyForDeploymentPostprocessing = 0;
		};
/* End PBXResourcesBuildPhase section */

/* Begin PBXSourcesBuildPhase section */
		85ABA5302B2271C400B60D58 /* Sources */ = {
			isa = PBXSourcesBuildPhase;
			buildActionMask = 2147483647;
			files = (
				85E7D0E12B227A7200448520 /* HomeService.swift in Sources */,
				85ABA54C2B22752300B60D58 /* ViewExtension.swift in Sources */,
				85E7D0DF2B227A6800448520 /* HomeViewModel.swift in Sources */,
				85ABA53A2B2271C400B60D58 /* HomeView.swift in Sources */,
				85ABA54E2B22758D00B60D58 /* CircularProgressView.swift in Sources */,
				85ABA5382B2271C400B60D58 /* AmiiboTrackerApp.swift in Sources */,
				85E7D0DD2B2278BA00448520 /* AmiiboModel.swift in Sources */,
			);
			runOnlyForDeploymentPostprocessing = 0;
		};
/* End PBXSourcesBuildPhase section */

/* Begin XCBuildConfiguration section */
		85ABA5402B2271C600B60D58 /* Debug */ = {
			isa = XCBuildConfiguration;
			buildSettings = {
				ALWAYS_SEARCH_USER_PATHS = NO;
				ASSETCATALOG_COMPILER_GENERATE_SWIFT_ASSET_SYMBOL_EXTENSIONS = YES;
				CLANG_ANALYZER_NONNULL = YES;
				CLANG_ANALYZER_NUMBER_OBJECT_CONVERSION = YES_AGGRESSIVE;
				CLANG_CXX_LANGUAGE_STANDARD = "gnu++20";
				CLANG_ENABLE_MODULES = YES;
				CLANG_ENABLE_OBJC_ARC = YES;
				CLANG_ENABLE_OBJC_WEAK = YES;
				CLANG_WARN_BLOCK_CAPTURE_AUTORELEASING = YES;
				CLANG_WARN_BOOL_CONVERSION = YES;
				CLANG_WARN_COMMA = YES;
				CLANG_WARN_CONSTANT_CONVERSION = YES;
				CLANG_WARN_DEPRECATED_OBJC_IMPLEMENTATIONS = YES;
				CLANG_WARN_DIRECT_OBJC_ISA_USAGE = YES_ERROR;
				CLANG_WARN_DOCUMENTATION_COMMENTS = YES;
				CLANG_WARN_EMPTY_BODY = YES;
				CLANG_WARN_ENUM_CONVERSION = YES;
				CLANG_WARN_INFINITE_RECURSION = YES;
				CLANG_WARN_INT_CONVERSION = YES;
				CLANG_WARN_NON_LITERAL_NULL_CONVERSION = YES;
				CLANG_WARN_OBJC_IMPLICIT_RETAIN_SELF = YES;
				CLANG_WARN_OBJC_LITERAL_CONVERSION = YES;
				CLANG_WARN_OBJC_ROOT_CLASS = YES_ERROR;
				CLANG_WARN_QUOTED_INCLUDE_IN_FRAMEWORK_HEADER = YES;
				CLANG_WARN_RANGE_LOOP_ANALYSIS = YES;
				CLANG_WARN_STRICT_PROTOTYPES = YES;
				CLANG_WARN_SUSPICIOUS_MOVE = YES;
				CLANG_WARN_UNGUARDED_AVAILABILITY = YES_AGGRESSIVE;
				CLANG_WARN_UNREACHABLE_CODE = YES;
				CLANG_WARN__DUPLICATE_METHOD_MATCH = YES;
				COPY_PHASE_STRIP = NO;
				DEBUG_INFORMATION_FORMAT = dwarf;
				ENABLE_STRICT_OBJC_MSGSEND = YES;
				ENABLE_TESTABILITY = YES;
				ENABLE_USER_SCRIPT_SANDBOXING = YES;
				GCC_C_LANGUAGE_STANDARD = gnu17;
				GCC_DYNAMIC_NO_PIC = NO;
				GCC_NO_COMMON_BLOCKS = YES;
				GCC_OPTIMIZATION_LEVEL = 0;
				GCC_PREPROCESSOR_DEFINITIONS = (
					"DEBUG=1",
					"$(inherited)",
				);
				GCC_WARN_64_TO_32_BIT_CONVERSION = YES;
				GCC_WARN_ABOUT_RETURN_TYPE = YES_ERROR;
				GCC_WARN_UNDECLARED_SELECTOR = YES;
				GCC_WARN_UNINITIALIZED_AUTOS = YES_AGGRESSIVE;
				GCC_WARN_UNUSED_FUNCTION = YES;
				GCC_WARN_UNUSED_VARIABLE = YES;
				IPHONEOS_DEPLOYMENT_TARGET = 17.0;
				LOCALIZATION_PREFERS_STRING_CATALOGS = YES;
				MTL_ENABLE_DEBUG_INFO = INCLUDE_SOURCE;
				MTL_FAST_MATH = YES;
				ONLY_ACTIVE_ARCH = YES;
				SDKROOT = iphoneos;
				SWIFT_ACTIVE_COMPILATION_CONDITIONS = "DEBUG $(inherited)";
				SWIFT_OPTIMIZATION_LEVEL = "-Onone";
			};
			name = Debug;
		};
		85ABA5412B2271C600B60D58 /* Release */ = {
			isa = XCBuildConfiguration;
			buildSettings = {
				ALWAYS_SEARCH_USER_PATHS = NO;
				ASSETCATALOG_COMPILER_GENERATE_SWIFT_ASSET_SYMBOL_EXTENSIONS = YES;
				CLANG_ANALYZER_NONNULL = YES;
				CLANG_ANALYZER_NUMBER_OBJECT_CONVERSION = YES_AGGRESSIVE;
				CLANG_CXX_LANGUAGE_STANDARD = "gnu++20";
				CLANG_ENABLE_MODULES = YES;
				CLANG_ENABLE_OBJC_ARC = YES;
				CLANG_ENABLE_OBJC_WEAK = YES;
				CLANG_WARN_BLOCK_CAPTURE_AUTORELEASING = YES;
				CLANG_WARN_BOOL_CONVERSION = YES;
				CLANG_WARN_COMMA = YES;
				CLANG_WARN_CONSTANT_CONVERSION = YES;
				CLANG_WARN_DEPRECATED_OBJC_IMPLEMENTATIONS = YES;
				CLANG_WARN_DIRECT_OBJC_ISA_USAGE = YES_ERROR;
				CLANG_WARN_DOCUMENTATION_COMMENTS = YES;
				CLANG_WARN_EMPTY_BODY = YES;
				CLANG_WARN_ENUM_CONVERSION = YES;
				CLANG_WARN_INFINITE_RECURSION = YES;
				CLANG_WARN_INT_CONVERSION = YES;
				CLANG_WARN_NON_LITERAL_NULL_CONVERSION = YES;
				CLANG_WARN_OBJC_IMPLICIT_RETAIN_SELF = YES;
				CLANG_WARN_OBJC_LITERAL_CONVERSION = YES;
				CLANG_WARN_OBJC_ROOT_CLASS = YES_ERROR;
				CLANG_WARN_QUOTED_INCLUDE_IN_FRAMEWORK_HEADER = YES;
				CLANG_WARN_RANGE_LOOP_ANALYSIS = YES;
				CLANG_WARN_STRICT_PROTOTYPES = YES;
				CLANG_WARN_SUSPICIOUS_MOVE = YES;
				CLANG_WARN_UNGUARDED_AVAILABILITY = YES_AGGRESSIVE;
				CLANG_WARN_UNREACHABLE_CODE = YES;
				CLANG_WARN__DUPLICATE_METHOD_MATCH = YES;
				COPY_PHASE_STRIP = NO;
				DEBUG_INFORMATION_FORMAT = "dwarf-with-dsym";
				ENABLE_NS_ASSERTIONS = NO;
				ENABLE_STRICT_OBJC_MSGSEND = YES;
				ENABLE_USER_SCRIPT_SANDBOXING = YES;
				GCC_C_LANGUAGE_STANDARD = gnu17;
				GCC_NO_COMMON_BLOCKS = YES;
				GCC_WARN_64_TO_32_BIT_CONVERSION = YES;
				GCC_WARN_ABOUT_RETURN_TYPE = YES_ERROR;
				GCC_WARN_UNDECLARED_SELECTOR = YES;
				GCC_WARN_UNINITIALIZED_AUTOS = YES_AGGRESSIVE;
				GCC_WARN_UNUSED_FUNCTION = YES;
				GCC_WARN_UNUSED_VARIABLE = YES;
				IPHONEOS_DEPLOYMENT_TARGET = 17.0;
				LOCALIZATION_PREFERS_STRING_CATALOGS = YES;
				MTL_ENABLE_DEBUG_INFO = NO;
				MTL_FAST_MATH = YES;
				SDKROOT = iphoneos;
				SWIFT_COMPILATION_MODE = wholemodule;
				VALIDATE_PRODUCT = YES;
			};
			name = Release;
		};
		85ABA5432B2271C600B60D58 /* Debug */ = {
			isa = XCBuildConfiguration;
			buildSettings = {
				ASSETCATALOG_COMPILER_APPICON_NAME = AppIcon;
				ASSETCATALOG_COMPILER_GLOBAL_ACCENT_COLOR_NAME = AccentColor;
				CODE_SIGN_STYLE = Automatic;
				CURRENT_PROJECT_VERSION = 1;
				DEVELOPMENT_ASSET_PATHS = "\"AmiiboTracker/Preview Content\"";
				DEVELOPMENT_TEAM = 8N942344B3;
				ENABLE_PREVIEWS = YES;
				GENERATE_INFOPLIST_FILE = YES;
				INFOPLIST_KEY_UIApplicationSceneManifest_Generation = YES;
				INFOPLIST_KEY_UIApplicationSupportsIndirectInputEvents = YES;
				INFOPLIST_KEY_UILaunchScreen_Generation = YES;
				INFOPLIST_KEY_UISupportedInterfaceOrientations_iPad = "UIInterfaceOrientationPortrait UIInterfaceOrientationPortraitUpsideDown UIInterfaceOrientationLandscapeLeft UIInterfaceOrientationLandscapeRight";
				INFOPLIST_KEY_UISupportedInterfaceOrientations_iPhone = "UIInterfaceOrientationPortrait UIInterfaceOrientationLandscapeLeft UIInterfaceOrientationLandscapeRight";
				LD_RUNPATH_SEARCH_PATHS = (
					"$(inherited)",
					"@executable_path/Frameworks",
				);
				MARKETING_VERSION = 1.0;
				PRODUCT_BUNDLE_IDENTIFIER = com.mehmetozkan.AmiiboTracker;
				PRODUCT_NAME = "$(TARGET_NAME)";
				SWIFT_EMIT_LOC_STRINGS = YES;
				SWIFT_VERSION = 5.0;
				TARGETED_DEVICE_FAMILY = "1,2";
			};
			name = Debug;
		};
		85ABA5442B2271C600B60D58 /* Release */ = {
			isa = XCBuildConfiguration;
			buildSettings = {
				ASSETCATALOG_COMPILER_APPICON_NAME = AppIcon;
				ASSETCATALOG_COMPILER_GLOBAL_ACCENT_COLOR_NAME = AccentColor;
				CODE_SIGN_STYLE = Automatic;
				CURRENT_PROJECT_VERSION = 1;
				DEVELOPMENT_ASSET_PATHS = "\"AmiiboTracker/Preview Content\"";
				DEVELOPMENT_TEAM = 8N942344B3;
				ENABLE_PREVIEWS = YES;
				GENERATE_INFOPLIST_FILE = YES;
				INFOPLIST_KEY_UIApplicationSceneManifest_Generation = YES;
				INFOPLIST_KEY_UIApplicationSupportsIndirectInputEvents = YES;
				INFOPLIST_KEY_UILaunchScreen_Generation = YES;
				INFOPLIST_KEY_UISupportedInterfaceOrientations_iPad = "UIInterfaceOrientationPortrait UIInterfaceOrientationPortraitUpsideDown UIInterfaceOrientationLandscapeLeft UIInterfaceOrientationLandscapeRight";
				INFOPLIST_KEY_UISupportedInterfaceOrientations_iPhone = "UIInterfaceOrientationPortrait UIInterfaceOrientationLandscapeLeft UIInterfaceOrientationLandscapeRight";
				LD_RUNPATH_SEARCH_PATHS = (
					"$(inherited)",
					"@executable_path/Frameworks",
				);
				MARKETING_VERSION = 1.0;
				PRODUCT_BUNDLE_IDENTIFIER = com.mehmetozkan.AmiiboTracker;
				PRODUCT_NAME = "$(TARGET_NAME)";
				SWIFT_EMIT_LOC_STRINGS = YES;
				SWIFT_VERSION = 5.0;
				TARGETED_DEVICE_FAMILY = "1,2";
			};
			name = Release;
		};
/* End XCBuildConfiguration section */

/* Begin XCConfigurationList section */
		85ABA52F2B2271C400B60D58 /* Build configuration list for PBXProject "AmiiboTracker" */ = {
			isa = XCConfigurationList;
			buildConfigurations = (
				85ABA5402B2271C600B60D58 /* Debug */,
				85ABA5412B2271C600B60D58 /* Release */,
			);
			defaultConfigurationIsVisible = 0;
			defaultConfigurationName = Release;
		};
		85ABA5422B2271C600B60D58 /* Build configuration list for PBXNativeTarget "AmiiboTracker" */ = {
			isa = XCConfigurationList;
			buildConfigurations = (
				85ABA5432B2271C600B60D58 /* Debug */,
				85ABA5442B2271C600B60D58 /* Release */,
			);
			defaultConfigurationIsVisible = 0;
			defaultConfigurationName = Release;
		};
/* End XCConfigurationList section */
	};
	rootObject = 85ABA52C2B2271C400B60D58 /* Project object */;
}
